
Microsoft Visual Studio Solution File, Format Version 12.00
# Visual Studio Version 17
VisualStudioVersion = 17.0.31717.71
MinimumVisualStudioVersion = 10.0.40219.1
Project("{FAE04EC0-301F-11D3-BF4B-00C04F79EFBC}") = "lambdaExpressions", "lambdaExpressions\lambdaExpressions.csproj", "{710AF15A-2A57-4659-8F90-BB331629FA3F}"
EndProject
Global
	GlobalSection(SolutionConfigurationPlatforms) = preSolution
		Debug|Any CPU = Debug|Any CPU
		Release|Any CPU = Release|Any CPU
	EndGlobalSection
	GlobalSection(ProjectConfigurationPlatforms) = postSolution
		{710AF15A-2A57-4659-8F90-BB331629FA3F}.Debug|Any CPU.ActiveCfg = Debug|Any CPU
		{710AF15A-2A57-4659-8F90-BB331629FA3F}.Debug|Any CPU.Build.0 = Debug|Any CPU
		{710AF15A-2A57-4659-8F90-BB331629FA3F}.Release|Any CPU.ActiveCfg = Release|Any CPU
		{710AF15A-2A57-4659-8F90-BB331629FA3F}.Release|Any CPU.Build.0 = Release|Any CPU
	EndGlobalSection
	GlobalSection(SolutionProperties) = preSolution
		HideSolutionNode = FALSE
	EndGlobalSection
	GlobalSection(ExtensibilityGlobals) = postSolution
		SolutionGuid = {10C0DFB9-5D1F-4C11-BD7E-0319BFE09D06}
	EndGlobalSection
EndGlobal
